
Microsoft Visual Studio Solution File, Format Version 12.00
# Visual Studio Version 17
VisualStudioVersion = 17.0.32126.317
MinimumVisualStudioVersion = 10.0.40219.1
Project("{2150E333-8FDC-42A3-9474-1A3956D46DE8}") = "src", "src", "{11C7056E-93C1-408B-BD87-5270595BBE0E}"
EndProject
Project("{9A19103F-16F7-4668-BE54-9A1E7A4F7556}") = "AWS.Deploy.CLI", "src\AWS.Deploy.CLI\AWS.Deploy.CLI.csproj", "{8A351CC0-70C0-4412-B45E-358606251512}"
EndProject
Project("{9A19103F-16F7-4668-BE54-9A1E7A4F7556}") = "AWS.Deploy.Orchestration", "src\AWS.Deploy.Orchestration\AWS.Deploy.Orchestration.csproj", "{5F8EC972-781D-4A82-A73F-36A97281B0D5}"
EndProject
Project("{2150E333-8FDC-42A3-9474-1A3956D46DE8}") = "test", "test", "{BD466B5C-D8B0-4069-98A9-6DC8F01FA757}"
EndProject
Project("{2150E333-8FDC-42A3-9474-1A3956D46DE8}") = "testapps", "testapps", "{C3A0C716-BDEA-4393-B223-AF8F8531522A}"
EndProject
Project("{9A19103F-16F7-4668-BE54-9A1E7A4F7556}") = "WebAppNoDockerFile", "testapps\WebAppNoDockerFile\WebAppNoDockerFile.csproj", "{07ABC671-D1C3-455D-B5E9-B28EA3492877}"
EndProject
Project("{9A19103F-16F7-4668-BE54-9A1E7A4F7556}") = "WebAppWithDockerFile", "testapps\WebAppWithDockerFile\WebAppWithDockerFile.csproj", "{D5521AB2-24FB-4CEE-83B4-B833BD876152}"
EndProject
Project("{9A19103F-16F7-4668-BE54-9A1E7A4F7556}") = "MessageProcessingApp", "testapps\MessageProcessingApp\MessageProcessingApp.csproj", "{C37650B4-5FF3-49C8-9050-80E59E2DB08F}"
EndProject
Project("{9A19103F-16F7-4668-BE54-9A1E7A4F7556}") = "ConsoleAppService", "testapps\ConsoleAppService\ConsoleAppService.csproj", "{EE9A94DE-02BD-45F9-84A4-56699679D93A}"
EndProject
Project("{9A19103F-16F7-4668-BE54-9A1E7A4F7556}") = "ConsoleAppTask", "testapps\ConsoleAppTask\ConsoleAppTask.csproj", "{E23BE9F8-06B7-4214-BCD1-B9CD9F5B44A0}"
EndProject
Project("{2150E333-8FDC-42A3-9474-1A3956D46DE8}") = "Solution Items", "Solution Items", "{B01191B1-BBF7-4089-B43D-D6BDA2E8FF8D}"
	ProjectSection(SolutionItems) = preProject
		.editorconfig = .editorconfig
		README.md = README.md
	EndProjectSection
EndProject
Project("{9A19103F-16F7-4668-BE54-9A1E7A4F7556}") = "AWS.Deploy.CLI.UnitTests", "test\AWS.Deploy.CLI.UnitTests\AWS.Deploy.CLI.UnitTests.csproj", "{031E0447-383E-4ACA-BCF3-D086069822A5}"
EndProject
Project("{9A19103F-16F7-4668-BE54-9A1E7A4F7556}") = "AWS.Deploy.Recipes", "src\AWS.Deploy.Recipes\AWS.Deploy.Recipes.csproj", "{F06F9F2B-9018-4357-9ECB-EAF3D9EC335C}"
EndProject
Project("{9A19103F-16F7-4668-BE54-9A1E7A4F7556}") = "AWS.Deploy.Common", "src\AWS.Deploy.Common\AWS.Deploy.Common.csproj", "{3AAC19A6-02E8-45D0-BDD0-CAD0FBE15F64}"
EndProject
Project("{9A19103F-16F7-4668-BE54-9A1E7A4F7556}") = "AWS.Deploy.Recipes.CDK.Common", "src\AWS.Deploy.Recipes.CDK.Common\AWS.Deploy.Recipes.CDK.Common.csproj", "{FAE4D4C5-9107-4622-A050-E30CC70BE754}"
EndProject
Project("{9A19103F-16F7-4668-BE54-9A1E7A4F7556}") = "AWS.Deploy.Orchestration.UnitTests", "test\AWS.Deploy.Orchestration.UnitTests\AWS.Deploy.Orchestration.UnitTests.csproj", "{3F7A5CA6-7178-4DBF-8DAD-6A63684C7A8E}"
EndProject
Project("{9A19103F-16F7-4668-BE54-9A1E7A4F7556}") = "AWS.Deploy.CLI.Common.UnitTests", "test\AWS.Deploy.CLI.Common.UnitTests\AWS.Deploy.CLI.Common.UnitTests.csproj", "{4AD9D400-3F3D-4076-B34C-0F88576C1889}"
EndProject
Project("{9A19103F-16F7-4668-BE54-9A1E7A4F7556}") = "ContosoUniversity", "testapps\ContosoUniversityWeb\ContosoUniversity.csproj", "{6EDCA334-3317-44A4-A017-2A8D810EE7A7}"
EndProject
Project("{9A19103F-16F7-4668-BE54-9A1E7A4F7556}") = "ContosoUniversityBackendService", "testapps\ContosoUniversityBackendService\ContosoUniversityBackendService.csproj", "{AC7B0880-00CB-41E0-996C-B4C99103CEF9}"
EndProject
Project("{9A19103F-16F7-4668-BE54-9A1E7A4F7556}") = "AWS.Deploy.CLI.IntegrationTests", "test\AWS.Deploy.CLI.IntegrationTests\AWS.Deploy.CLI.IntegrationTests.csproj", "{001A0CE1-CCCE-4006-8CAC-AD18E37060A3}"
EndProject
Project("{9A19103F-16F7-4668-BE54-9A1E7A4F7556}") = "AWS.Deploy.ServerMode.Client", "src\AWS.Deploy.ServerMode.Client\AWS.Deploy.ServerMode.Client.csproj", "{1B171F48-D200-407D-A9F2-179E2A602821}"
EndProject
Project("{9A19103F-16F7-4668-BE54-9A1E7A4F7556}") = "AWS.Deploy.ServerMode.ClientGenerator", "src\AWS.Deploy.ServerMode.ClientGenerator\AWS.Deploy.ServerMode.ClientGenerator.csproj", "{C533AA26-797A-4A41-BA28-2364B66DAA5F}"
EndProject
Project("{D954291E-2A0B-460D-934E-DC6B0785DB48}") = "AWS.Deploy.Constants", "src\AWS.Deploy.Constants\AWS.Deploy.Constants.shproj", "{F2266C44-C8C5-45AD-AA9B-44F8825BDF63}"
EndProject
Project("{9A19103F-16F7-4668-BE54-9A1E7A4F7556}") = "AWS.Deploy.ServerMode.Client.UnitTests", "test\AWS.Deploy.ServerMode.Client.UnitTests\AWS.Deploy.ServerMode.Client.UnitTests.csproj", "{74444ED0-9044-4DF7-A111-7D9F81ADF0FD}"
EndProject
Project("{9A19103F-16F7-4668-BE54-9A1E7A4F7556}") = "WorkerServiceExample", "testapps\WorkerServiceExample\WorkerServiceExample.csproj", "{7C330493-9BF7-4DB6-815B-807C08500AC6}"
EndProject
Project("{9A19103F-16F7-4668-BE54-9A1E7A4F7556}") = "WebApiNET6", "testapps\WebApiNET6\WebApiNET6.csproj", "{B2EA65BD-9FFE-4452-B2DC-574EB1A9FAF1}"
EndProject
Project("{9A19103F-16F7-4668-BE54-9A1E7A4F7556}") = "BlazorWasm60", "testapps\BlazorWasm60\BlazorWasm60.csproj", "{CEEBEC39-40E5-4A9B-878A-6EDB52B9B43E}"
EndProject
Project("{9A19103F-16F7-4668-BE54-9A1E7A4F7556}") = "AWS.Deploy.DocGenerator", "src\AWS.Deploy.DocGenerator\AWS.Deploy.DocGenerator.csproj", "{6D4BD0C2-C2A0-4AFB-BC22-623DD64A4F84}"
EndProject
Project("{9A19103F-16F7-4668-BE54-9A1E7A4F7556}") = "AWS.Deploy.DocGenerator.UnitTests", "test\AWS.Deploy.DocGenerator.UnitTests\AWS.Deploy.DocGenerator.UnitTests.csproj", "{7E661545-7DFD-4FE3-A5F9-767FAE30DFFE}"
EndProject
Project("{9A19103F-16F7-4668-BE54-9A1E7A4F7556}") = "AWS.Deploy.DockerImageUploader", "test\AWS.Deploy.DockerImageUploader\AWS.Deploy.DockerImageUploader.csproj", "{49A1C020-F4C8-4B28-A6B2-6AD3C8452E69}"
EndProject
Project("{FAE04EC0-301F-11D3-BF4B-00C04F79EFBC}") = "WebAppArmDeployment", "testapps\WebAppArmDeployment\WebAppArmDeployment.csproj", "{303A0323-3FEF-4640-80C2-E33A8BC0F1FC}"
EndProject
Project("{FAE04EC0-301F-11D3-BF4B-00C04F79EFBC}") = "ConsoleAppArmDeployment", "testapps\ConsoleAppArmDeployment\ConsoleAppArmDeployment.csproj", "{BA7E7790-8E60-4133-B3BC-BDD50B1D7A76}"
EndProject
Global
	GlobalSection(SolutionConfigurationPlatforms) = preSolution
		Debug|Any CPU = Debug|Any CPU
		Release|Any CPU = Release|Any CPU
	EndGlobalSection
	GlobalSection(ProjectConfigurationPlatforms) = postSolution
		{8A351CC0-70C0-4412-B45E-358606251512}.Debug|Any CPU.ActiveCfg = Debug|Any CPU
		{8A351CC0-70C0-4412-B45E-358606251512}.Debug|Any CPU.Build.0 = Debug|Any CPU
		{8A351CC0-70C0-4412-B45E-358606251512}.Release|Any CPU.ActiveCfg = Release|Any CPU
		{8A351CC0-70C0-4412-B45E-358606251512}.Release|Any CPU.Build.0 = Release|Any CPU
		{5F8EC972-781D-4A82-A73F-36A97281B0D5}.Debug|Any CPU.ActiveCfg = Debug|Any CPU
		{5F8EC972-781D-4A82-A73F-36A97281B0D5}.Debug|Any CPU.Build.0 = Debug|Any CPU
		{5F8EC972-781D-4A82-A73F-36A97281B0D5}.Release|Any CPU.ActiveCfg = Release|Any CPU
		{5F8EC972-781D-4A82-A73F-36A97281B0D5}.Release|Any CPU.Build.0 = Release|Any CPU
		{07ABC671-D1C3-455D-B5E9-B28EA3492877}.Debug|Any CPU.ActiveCfg = Debug|Any CPU
		{07ABC671-D1C3-455D-B5E9-B28EA3492877}.Debug|Any CPU.Build.0 = Debug|Any CPU
		{07ABC671-D1C3-455D-B5E9-B28EA3492877}.Release|Any CPU.ActiveCfg = Release|Any CPU
		{07ABC671-D1C3-455D-B5E9-B28EA3492877}.Release|Any CPU.Build.0 = Release|Any CPU
		{D5521AB2-24FB-4CEE-83B4-B833BD876152}.Debug|Any CPU.ActiveCfg = Debug|Any CPU
		{D5521AB2-24FB-4CEE-83B4-B833BD876152}.Debug|Any CPU.Build.0 = Debug|Any CPU
		{D5521AB2-24FB-4CEE-83B4-B833BD876152}.Release|Any CPU.ActiveCfg = Release|Any CPU
		{D5521AB2-24FB-4CEE-83B4-B833BD876152}.Release|Any CPU.Build.0 = Release|Any CPU
		{C37650B4-5FF3-49C8-9050-80E59E2DB08F}.Debug|Any CPU.ActiveCfg = Debug|Any CPU
		{C37650B4-5FF3-49C8-9050-80E59E2DB08F}.Debug|Any CPU.Build.0 = Debug|Any CPU
		{C37650B4-5FF3-49C8-9050-80E59E2DB08F}.Release|Any CPU.ActiveCfg = Release|Any CPU
		{C37650B4-5FF3-49C8-9050-80E59E2DB08F}.Release|Any CPU.Build.0 = Release|Any CPU
		{EE9A94DE-02BD-45F9-84A4-56699679D93A}.Debug|Any CPU.ActiveCfg = Debug|Any CPU
		{EE9A94DE-02BD-45F9-84A4-56699679D93A}.Debug|Any CPU.Build.0 = Debug|Any CPU
		{EE9A94DE-02BD-45F9-84A4-56699679D93A}.Release|Any CPU.ActiveCfg = Release|Any CPU
		{EE9A94DE-02BD-45F9-84A4-56699679D93A}.Release|Any CPU.Build.0 = Release|Any CPU
		{E23BE9F8-06B7-4214-BCD1-B9CD9F5B44A0}.Debug|Any CPU.ActiveCfg = Debug|Any CPU
		{E23BE9F8-06B7-4214-BCD1-B9CD9F5B44A0}.Debug|Any CPU.Build.0 = Debug|Any CPU
		{E23BE9F8-06B7-4214-BCD1-B9CD9F5B44A0}.Release|Any CPU.ActiveCfg = Release|Any CPU
		{E23BE9F8-06B7-4214-BCD1-B9CD9F5B44A0}.Release|Any CPU.Build.0 = Release|Any CPU
		{031E0447-383E-4ACA-BCF3-D086069822A5}.Debug|Any CPU.ActiveCfg = Debug|Any CPU
		{031E0447-383E-4ACA-BCF3-D086069822A5}.Debug|Any CPU.Build.0 = Debug|Any CPU
		{031E0447-383E-4ACA-BCF3-D086069822A5}.Release|Any CPU.ActiveCfg = Release|Any CPU
		{031E0447-383E-4ACA-BCF3-D086069822A5}.Release|Any CPU.Build.0 = Release|Any CPU
		{F06F9F2B-9018-4357-9ECB-EAF3D9EC335C}.Debug|Any CPU.ActiveCfg = Debug|Any CPU
		{F06F9F2B-9018-4357-9ECB-EAF3D9EC335C}.Debug|Any CPU.Build.0 = Debug|Any CPU
		{F06F9F2B-9018-4357-9ECB-EAF3D9EC335C}.Release|Any CPU.ActiveCfg = Release|Any CPU
		{F06F9F2B-9018-4357-9ECB-EAF3D9EC335C}.Release|Any CPU.Build.0 = Release|Any CPU
		{3AAC19A6-02E8-45D0-BDD0-CAD0FBE15F64}.Debug|Any CPU.ActiveCfg = Debug|Any CPU
		{3AAC19A6-02E8-45D0-BDD0-CAD0FBE15F64}.Debug|Any CPU.Build.0 = Debug|Any CPU
		{3AAC19A6-02E8-45D0-BDD0-CAD0FBE15F64}.Release|Any CPU.ActiveCfg = Release|Any CPU
		{3AAC19A6-02E8-45D0-BDD0-CAD0FBE15F64}.Release|Any CPU.Build.0 = Release|Any CPU
		{FAE4D4C5-9107-4622-A050-E30CC70BE754}.Debug|Any CPU.ActiveCfg = Debug|Any CPU
		{FAE4D4C5-9107-4622-A050-E30CC70BE754}.Debug|Any CPU.Build.0 = Debug|Any CPU
		{FAE4D4C5-9107-4622-A050-E30CC70BE754}.Release|Any CPU.ActiveCfg = Release|Any CPU
		{FAE4D4C5-9107-4622-A050-E30CC70BE754}.Release|Any CPU.Build.0 = Release|Any CPU
		{3F7A5CA6-7178-4DBF-8DAD-6A63684C7A8E}.Debug|Any CPU.ActiveCfg = Debug|Any CPU
		{3F7A5CA6-7178-4DBF-8DAD-6A63684C7A8E}.Debug|Any CPU.Build.0 = Debug|Any CPU
		{3F7A5CA6-7178-4DBF-8DAD-6A63684C7A8E}.Release|Any CPU.ActiveCfg = Release|Any CPU
		{3F7A5CA6-7178-4DBF-8DAD-6A63684C7A8E}.Release|Any CPU.Build.0 = Release|Any CPU
		{4AD9D400-3F3D-4076-B34C-0F88576C1889}.Debug|Any CPU.ActiveCfg = Debug|Any CPU
		{4AD9D400-3F3D-4076-B34C-0F88576C1889}.Debug|Any CPU.Build.0 = Debug|Any CPU
		{4AD9D400-3F3D-4076-B34C-0F88576C1889}.Release|Any CPU.ActiveCfg = Release|Any CPU
		{4AD9D400-3F3D-4076-B34C-0F88576C1889}.Release|Any CPU.Build.0 = Release|Any CPU
		{6EDCA334-3317-44A4-A017-2A8D810EE7A7}.Debug|Any CPU.ActiveCfg = Debug|Any CPU
		{6EDCA334-3317-44A4-A017-2A8D810EE7A7}.Debug|Any CPU.Build.0 = Debug|Any CPU
		{6EDCA334-3317-44A4-A017-2A8D810EE7A7}.Release|Any CPU.ActiveCfg = Release|Any CPU
		{6EDCA334-3317-44A4-A017-2A8D810EE7A7}.Release|Any CPU.Build.0 = Release|Any CPU
		{AC7B0880-00CB-41E0-996C-B4C99103CEF9}.Debug|Any CPU.ActiveCfg = Debug|Any CPU
		{AC7B0880-00CB-41E0-996C-B4C99103CEF9}.Debug|Any CPU.Build.0 = Debug|Any CPU
		{AC7B0880-00CB-41E0-996C-B4C99103CEF9}.Release|Any CPU.ActiveCfg = Release|Any CPU
		{AC7B0880-00CB-41E0-996C-B4C99103CEF9}.Release|Any CPU.Build.0 = Release|Any CPU
		{001A0CE1-CCCE-4006-8CAC-AD18E37060A3}.Debug|Any CPU.ActiveCfg = Debug|Any CPU
		{001A0CE1-CCCE-4006-8CAC-AD18E37060A3}.Debug|Any CPU.Build.0 = Debug|Any CPU
		{001A0CE1-CCCE-4006-8CAC-AD18E37060A3}.Release|Any CPU.ActiveCfg = Release|Any CPU
		{001A0CE1-CCCE-4006-8CAC-AD18E37060A3}.Release|Any CPU.Build.0 = Release|Any CPU
		{1B171F48-D200-407D-A9F2-179E2A602821}.Debug|Any CPU.ActiveCfg = Debug|Any CPU
		{1B171F48-D200-407D-A9F2-179E2A602821}.Debug|Any CPU.Build.0 = Debug|Any CPU
		{1B171F48-D200-407D-A9F2-179E2A602821}.Release|Any CPU.ActiveCfg = Release|Any CPU
		{1B171F48-D200-407D-A9F2-179E2A602821}.Release|Any CPU.Build.0 = Release|Any CPU
		{C533AA26-797A-4A41-BA28-2364B66DAA5F}.Debug|Any CPU.ActiveCfg = Debug|Any CPU
		{C533AA26-797A-4A41-BA28-2364B66DAA5F}.Debug|Any CPU.Build.0 = Debug|Any CPU
		{C533AA26-797A-4A41-BA28-2364B66DAA5F}.Release|Any CPU.ActiveCfg = Release|Any CPU
		{C533AA26-797A-4A41-BA28-2364B66DAA5F}.Release|Any CPU.Build.0 = Release|Any CPU
		{74444ED0-9044-4DF7-A111-7D9F81ADF0FD}.Debug|Any CPU.ActiveCfg = Debug|Any CPU
		{74444ED0-9044-4DF7-A111-7D9F81ADF0FD}.Debug|Any CPU.Build.0 = Debug|Any CPU
		{74444ED0-9044-4DF7-A111-7D9F81ADF0FD}.Release|Any CPU.ActiveCfg = Release|Any CPU
		{74444ED0-9044-4DF7-A111-7D9F81ADF0FD}.Release|Any CPU.Build.0 = Release|Any CPU
		{7C330493-9BF7-4DB6-815B-807C08500AC6}.Debug|Any CPU.ActiveCfg = Debug|Any CPU
		{7C330493-9BF7-4DB6-815B-807C08500AC6}.Debug|Any CPU.Build.0 = Debug|Any CPU
		{7C330493-9BF7-4DB6-815B-807C08500AC6}.Release|Any CPU.ActiveCfg = Release|Any CPU
		{7C330493-9BF7-4DB6-815B-807C08500AC6}.Release|Any CPU.Build.0 = Release|Any CPU
		{B2EA65BD-9FFE-4452-B2DC-574EB1A9FAF1}.Debug|Any CPU.ActiveCfg = Debug|Any CPU
		{B2EA65BD-9FFE-4452-B2DC-574EB1A9FAF1}.Debug|Any CPU.Build.0 = Debug|Any CPU
		{B2EA65BD-9FFE-4452-B2DC-574EB1A9FAF1}.Release|Any CPU.ActiveCfg = Release|Any CPU
		{B2EA65BD-9FFE-4452-B2DC-574EB1A9FAF1}.Release|Any CPU.Build.0 = Release|Any CPU
		{CEEBEC39-40E5-4A9B-878A-6EDB52B9B43E}.Debug|Any CPU.ActiveCfg = Debug|Any CPU
		{CEEBEC39-40E5-4A9B-878A-6EDB52B9B43E}.Debug|Any CPU.Build.0 = Debug|Any CPU
		{CEEBEC39-40E5-4A9B-878A-6EDB52B9B43E}.Release|Any CPU.ActiveCfg = Release|Any CPU
		{CEEBEC39-40E5-4A9B-878A-6EDB52B9B43E}.Release|Any CPU.Build.0 = Release|Any CPU
		{6D4BD0C2-C2A0-4AFB-BC22-623DD64A4F84}.Debug|Any CPU.ActiveCfg = Debug|Any CPU
		{6D4BD0C2-C2A0-4AFB-BC22-623DD64A4F84}.Debug|Any CPU.Build.0 = Debug|Any CPU
		{6D4BD0C2-C2A0-4AFB-BC22-623DD64A4F84}.Release|Any CPU.ActiveCfg = Release|Any CPU
		{6D4BD0C2-C2A0-4AFB-BC22-623DD64A4F84}.Release|Any CPU.Build.0 = Release|Any CPU
		{7E661545-7DFD-4FE3-A5F9-767FAE30DFFE}.Debug|Any CPU.ActiveCfg = Debug|Any CPU
		{7E661545-7DFD-4FE3-A5F9-767FAE30DFFE}.Debug|Any CPU.Build.0 = Debug|Any CPU
		{7E661545-7DFD-4FE3-A5F9-767FAE30DFFE}.Release|Any CPU.ActiveCfg = Release|Any CPU
		{7E661545-7DFD-4FE3-A5F9-767FAE30DFFE}.Release|Any CPU.Build.0 = Release|Any CPU
		{49A1C020-F4C8-4B28-A6B2-6AD3C8452E69}.Debug|Any CPU.ActiveCfg = Debug|Any CPU
		{49A1C020-F4C8-4B28-A6B2-6AD3C8452E69}.Debug|Any CPU.Build.0 = Debug|Any CPU
		{49A1C020-F4C8-4B28-A6B2-6AD3C8452E69}.Release|Any CPU.ActiveCfg = Release|Any CPU
		{49A1C020-F4C8-4B28-A6B2-6AD3C8452E69}.Release|Any CPU.Build.0 = Release|Any CPU
		{303A0323-3FEF-4640-80C2-E33A8BC0F1FC}.Debug|Any CPU.ActiveCfg = Debug|Any CPU
		{303A0323-3FEF-4640-80C2-E33A8BC0F1FC}.Debug|Any CPU.Build.0 = Debug|Any CPU
		{303A0323-3FEF-4640-80C2-E33A8BC0F1FC}.Release|Any CPU.ActiveCfg = Release|Any CPU
		{303A0323-3FEF-4640-80C2-E33A8BC0F1FC}.Release|Any CPU.Build.0 = Release|Any CPU
		{BA7E7790-8E60-4133-B3BC-BDD50B1D7A76}.Debug|Any CPU.ActiveCfg = Debug|Any CPU
		{BA7E7790-8E60-4133-B3BC-BDD50B1D7A76}.Debug|Any CPU.Build.0 = Debug|Any CPU
		{BA7E7790-8E60-4133-B3BC-BDD50B1D7A76}.Release|Any CPU.ActiveCfg = Release|Any CPU
		{BA7E7790-8E60-4133-B3BC-BDD50B1D7A76}.Release|Any CPU.Build.0 = Release|Any CPU
	EndGlobalSection
	GlobalSection(SolutionProperties) = preSolution
		HideSolutionNode = FALSE
	EndGlobalSection
	GlobalSection(NestedProjects) = preSolution
		{8A351CC0-70C0-4412-B45E-358606251512} = {11C7056E-93C1-408B-BD87-5270595BBE0E}
		{5F8EC972-781D-4A82-A73F-36A97281B0D5} = {11C7056E-93C1-408B-BD87-5270595BBE0E}
		{07ABC671-D1C3-455D-B5E9-B28EA3492877} = {C3A0C716-BDEA-4393-B223-AF8F8531522A}
		{D5521AB2-24FB-4CEE-83B4-B833BD876152} = {C3A0C716-BDEA-4393-B223-AF8F8531522A}
		{C37650B4-5FF3-49C8-9050-80E59E2DB08F} = {C3A0C716-BDEA-4393-B223-AF8F8531522A}
		{EE9A94DE-02BD-45F9-84A4-56699679D93A} = {C3A0C716-BDEA-4393-B223-AF8F8531522A}
		{E23BE9F8-06B7-4214-BCD1-B9CD9F5B44A0} = {C3A0C716-BDEA-4393-B223-AF8F8531522A}
		{031E0447-383E-4ACA-BCF3-D086069822A5} = {BD466B5C-D8B0-4069-98A9-6DC8F01FA757}
		{F06F9F2B-9018-4357-9ECB-EAF3D9EC335C} = {11C7056E-93C1-408B-BD87-5270595BBE0E}
		{3AAC19A6-02E8-45D0-BDD0-CAD0FBE15F64} = {11C7056E-93C1-408B-BD87-5270595BBE0E}
		{FAE4D4C5-9107-4622-A050-E30CC70BE754} = {11C7056E-93C1-408B-BD87-5270595BBE0E}
		{3F7A5CA6-7178-4DBF-8DAD-6A63684C7A8E} = {BD466B5C-D8B0-4069-98A9-6DC8F01FA757}
		{4AD9D400-3F3D-4076-B34C-0F88576C1889} = {BD466B5C-D8B0-4069-98A9-6DC8F01FA757}
		{6EDCA334-3317-44A4-A017-2A8D810EE7A7} = {C3A0C716-BDEA-4393-B223-AF8F8531522A}
		{AC7B0880-00CB-41E0-996C-B4C99103CEF9} = {C3A0C716-BDEA-4393-B223-AF8F8531522A}
		{001A0CE1-CCCE-4006-8CAC-AD18E37060A3} = {BD466B5C-D8B0-4069-98A9-6DC8F01FA757}
		{1B171F48-D200-407D-A9F2-179E2A602821} = {11C7056E-93C1-408B-BD87-5270595BBE0E}
		{C533AA26-797A-4A41-BA28-2364B66DAA5F} = {11C7056E-93C1-408B-BD87-5270595BBE0E}
		{F2266C44-C8C5-45AD-AA9B-44F8825BDF63} = {11C7056E-93C1-408B-BD87-5270595BBE0E}
		{74444ED0-9044-4DF7-A111-7D9F81ADF0FD} = {BD466B5C-D8B0-4069-98A9-6DC8F01FA757}
		{7C330493-9BF7-4DB6-815B-807C08500AC6} = {C3A0C716-BDEA-4393-B223-AF8F8531522A}
		{B2EA65BD-9FFE-4452-B2DC-574EB1A9FAF1} = {C3A0C716-BDEA-4393-B223-AF8F8531522A}
		{CEEBEC39-40E5-4A9B-878A-6EDB52B9B43E} = {C3A0C716-BDEA-4393-B223-AF8F8531522A}
		{6D4BD0C2-C2A0-4AFB-BC22-623DD64A4F84} = {11C7056E-93C1-408B-BD87-5270595BBE0E}
		{7E661545-7DFD-4FE3-A5F9-767FAE30DFFE} = {BD466B5C-D8B0-4069-98A9-6DC8F01FA757}
		{49A1C020-F4C8-4B28-A6B2-6AD3C8452E69} = {BD466B5C-D8B0-4069-98A9-6DC8F01FA757}
		{303A0323-3FEF-4640-80C2-E33A8BC0F1FC} = {C3A0C716-BDEA-4393-B223-AF8F8531522A}
		{BA7E7790-8E60-4133-B3BC-BDD50B1D7A76} = {C3A0C716-BDEA-4393-B223-AF8F8531522A}
	EndGlobalSection
	GlobalSection(ExtensibilityGlobals) = postSolution
		SolutionGuid = {5A4B2863-1763-4496-B122-651A38A4F5D7}
	EndGlobalSection
	GlobalSection(SharedMSBuildProjectFiles) = preSolution
		src\AWS.Deploy.Constants\AWS.Deploy.Constants.projitems*{3aac19a6-02e8-45d0-bdd0-cad0fbe15f64}*SharedItemsImports = 5
		src\AWS.Deploy.Constants\AWS.Deploy.Constants.projitems*{3f7a5ca6-7178-4dbf-8dad-6a63684c7a8e}*SharedItemsImports = 5
		src\AWS.Deploy.Constants\AWS.Deploy.Constants.projitems*{4c4f07ce-4c88-44c6-864f-c5e563712ee2}*SharedItemsImports = 5
		src\AWS.Deploy.Constants\AWS.Deploy.Constants.projitems*{5f8ec972-781d-4a82-a73f-36a97281b0d5}*SharedItemsImports = 5
		src\AWS.Deploy.Constants\AWS.Deploy.Constants.projitems*{8a351cc0-70c0-4412-b45e-358606251512}*SharedItemsImports = 5
		src\AWS.Deploy.Constants\AWS.Deploy.Constants.projitems*{f2266c44-c8c5-45ad-aa9b-44f8825bdf63}*SharedItemsImports = 13
		src\AWS.Deploy.Constants\AWS.Deploy.Constants.projitems*{fae4d4c5-9107-4622-a050-e30cc70be754}*SharedItemsImports = 5
	EndGlobalSection
EndGlobal
