
Microsoft Visual Studio Solution File, Format Version 12.00
# Visual Studio Version 16
VisualStudioVersion = 16.0.30309.148
MinimumVisualStudioVersion = 10.0.40219.1
Project("{2150E333-8FDC-42A3-9474-1A3956D46DE8}") = "src", "src", "{11C7056E-93C1-408B-BD87-5270595BBE0E}"
EndProject
Project("{9A19103F-16F7-4668-BE54-9A1E7A4F7556}") = "AWS.Deploy.CLI", "src\AWS.Deploy.CLI\AWS.Deploy.CLI.csproj", "{8A351CC0-70C0-4412-B45E-358606251512}"
EndProject
Project("{9A19103F-16F7-4668-BE54-9A1E7A4F7556}") = "AWS.Deploy.Orchestrator", "src\AWS.Deploy.Orchestrator\AWS.Deploy.Orchestrator.csproj", "{5F8EC972-781D-4A82-A73F-36A97281B0D5}"
EndProject
Project("{9A19103F-16F7-4668-BE54-9A1E7A4F7556}") = "AWS.Deploy.RecommendationEngine", "src\AWS.Deploy.RecommendationEngine\AWS.Deploy.RecommendationEngine.csproj", "{117D67B6-124E-4490-A506-C94C567A6926}"
EndProject
Project("{2150E333-8FDC-42A3-9474-1A3956D46DE8}") = "test", "test", "{BD466B5C-D8B0-4069-98A9-6DC8F01FA757}"
EndProject
Project("{2150E333-8FDC-42A3-9474-1A3956D46DE8}") = "testapps", "testapps", "{C3A0C716-BDEA-4393-B223-AF8F8531522A}"
EndProject
Project("{9A19103F-16F7-4668-BE54-9A1E7A4F7556}") = "WebAppNoDockerFile", "testapps\WebAppNoDockerFile\WebAppNoDockerFile.csproj", "{07ABC671-D1C3-455D-B5E9-B28EA3492877}"
EndProject
Project("{9A19103F-16F7-4668-BE54-9A1E7A4F7556}") = "WebAppWithDockerFile", "testapps\WebAppWithDockerFile\WebAppWithDockerFile.csproj", "{D5521AB2-24FB-4CEE-83B4-B833BD876152}"
EndProject
Project("{9A19103F-16F7-4668-BE54-9A1E7A4F7556}") = "MessageProcessingApp", "testapps\MessageProcessingApp\MessageProcessingApp.csproj", "{C37650B4-5FF3-49C8-9050-80E59E2DB08F}"
EndProject
Project("{9A19103F-16F7-4668-BE54-9A1E7A4F7556}") = "ConsoleAppService", "testapps\ConsoleAppService\ConsoleAppService.csproj", "{EE9A94DE-02BD-45F9-84A4-56699679D93A}"
EndProject
Project("{9A19103F-16F7-4668-BE54-9A1E7A4F7556}") = "ConsoleAppTask", "testapps\ConsoleAppTask\ConsoleAppTask.csproj", "{E23BE9F8-06B7-4214-BCD1-B9CD9F5B44A0}"
EndProject
Project("{2150E333-8FDC-42A3-9474-1A3956D46DE8}") = "Solution Items", "Solution Items", "{B01191B1-BBF7-4089-B43D-D6BDA2E8FF8D}"
	ProjectSection(SolutionItems) = preProject
		.editorconfig = .editorconfig
		README.md = README.md
	EndProjectSection
EndProject
Project("{9A19103F-16F7-4668-BE54-9A1E7A4F7556}") = "AWS.Deploy.CLI.UnitTests", "test\AWS.Deploy.CLI.UnitTests\AWS.Deploy.CLI.UnitTests.csproj", "{031E0447-383E-4ACA-BCF3-D086069822A5}"
EndProject
Project("{9A19103F-16F7-4668-BE54-9A1E7A4F7556}") = "AWS.Deploy.Recipes", "src\AWS.Deploy.Recipes\AWS.Deploy.Recipes.csproj", "{F06F9F2B-9018-4357-9ECB-EAF3D9EC335C}"
EndProject
Project("{9A19103F-16F7-4668-BE54-9A1E7A4F7556}") = "AWS.Deploy.DockerEngine", "src\AWS.Deploy.DockerEngine\AWS.Deploy.DockerEngine.csproj", "{4C4F07CE-4C88-44C6-864F-C5E563712EE2}"
EndProject
Project("{9A19103F-16F7-4668-BE54-9A1E7A4F7556}") = "AWS.Deploy.Common", "src\AWS.Deploy.Common\AWS.Deploy.Common.csproj", "{3AAC19A6-02E8-45D0-BDD0-CAD0FBE15F64}"
EndProject
Project("{2150E333-8FDC-42A3-9474-1A3956D46DE8}") = "ManualLinuxTesting", "ManualLinuxTesting", "{D0172E70-D5BC-4EDE-84E4-9ADB67B5F8FB}"
	ProjectSection(SolutionItems) = preProject
		test\ManualLinuxTesting\Dockerfile = test\ManualLinuxTesting\Dockerfile
		test\ManualLinuxTesting\Readme.md = test\ManualLinuxTesting\Readme.md
	EndProjectSection
EndProject
Global
	GlobalSection(SolutionConfigurationPlatforms) = preSolution
		Debug|Any CPU = Debug|Any CPU
		Release|Any CPU = Release|Any CPU
	EndGlobalSection
	GlobalSection(ProjectConfigurationPlatforms) = postSolution
		{8A351CC0-70C0-4412-B45E-358606251512}.Debug|Any CPU.ActiveCfg = Debug|Any CPU
		{8A351CC0-70C0-4412-B45E-358606251512}.Debug|Any CPU.Build.0 = Debug|Any CPU
		{8A351CC0-70C0-4412-B45E-358606251512}.Release|Any CPU.ActiveCfg = Release|Any CPU
		{8A351CC0-70C0-4412-B45E-358606251512}.Release|Any CPU.Build.0 = Release|Any CPU
		{5F8EC972-781D-4A82-A73F-36A97281B0D5}.Debug|Any CPU.ActiveCfg = Debug|Any CPU
		{5F8EC972-781D-4A82-A73F-36A97281B0D5}.Debug|Any CPU.Build.0 = Debug|Any CPU
		{5F8EC972-781D-4A82-A73F-36A97281B0D5}.Release|Any CPU.ActiveCfg = Release|Any CPU
		{5F8EC972-781D-4A82-A73F-36A97281B0D5}.Release|Any CPU.Build.0 = Release|Any CPU
		{117D67B6-124E-4490-A506-C94C567A6926}.Debug|Any CPU.ActiveCfg = Debug|Any CPU
		{117D67B6-124E-4490-A506-C94C567A6926}.Debug|Any CPU.Build.0 = Debug|Any CPU
		{117D67B6-124E-4490-A506-C94C567A6926}.Release|Any CPU.ActiveCfg = Release|Any CPU
		{117D67B6-124E-4490-A506-C94C567A6926}.Release|Any CPU.Build.0 = Release|Any CPU
		{07ABC671-D1C3-455D-B5E9-B28EA3492877}.Debug|Any CPU.ActiveCfg = Debug|Any CPU
		{07ABC671-D1C3-455D-B5E9-B28EA3492877}.Debug|Any CPU.Build.0 = Debug|Any CPU
		{07ABC671-D1C3-455D-B5E9-B28EA3492877}.Release|Any CPU.ActiveCfg = Release|Any CPU
		{07ABC671-D1C3-455D-B5E9-B28EA3492877}.Release|Any CPU.Build.0 = Release|Any CPU
		{D5521AB2-24FB-4CEE-83B4-B833BD876152}.Debug|Any CPU.ActiveCfg = Debug|Any CPU
		{D5521AB2-24FB-4CEE-83B4-B833BD876152}.Debug|Any CPU.Build.0 = Debug|Any CPU
		{D5521AB2-24FB-4CEE-83B4-B833BD876152}.Release|Any CPU.ActiveCfg = Release|Any CPU
		{D5521AB2-24FB-4CEE-83B4-B833BD876152}.Release|Any CPU.Build.0 = Release|Any CPU
		{C37650B4-5FF3-49C8-9050-80E59E2DB08F}.Debug|Any CPU.ActiveCfg = Debug|Any CPU
		{C37650B4-5FF3-49C8-9050-80E59E2DB08F}.Debug|Any CPU.Build.0 = Debug|Any CPU
		{C37650B4-5FF3-49C8-9050-80E59E2DB08F}.Release|Any CPU.ActiveCfg = Release|Any CPU
		{C37650B4-5FF3-49C8-9050-80E59E2DB08F}.Release|Any CPU.Build.0 = Release|Any CPU
		{EE9A94DE-02BD-45F9-84A4-56699679D93A}.Debug|Any CPU.ActiveCfg = Debug|Any CPU
		{EE9A94DE-02BD-45F9-84A4-56699679D93A}.Debug|Any CPU.Build.0 = Debug|Any CPU
		{EE9A94DE-02BD-45F9-84A4-56699679D93A}.Release|Any CPU.ActiveCfg = Release|Any CPU
		{EE9A94DE-02BD-45F9-84A4-56699679D93A}.Release|Any CPU.Build.0 = Release|Any CPU
		{E23BE9F8-06B7-4214-BCD1-B9CD9F5B44A0}.Debug|Any CPU.ActiveCfg = Debug|Any CPU
		{E23BE9F8-06B7-4214-BCD1-B9CD9F5B44A0}.Debug|Any CPU.Build.0 = Debug|Any CPU
		{E23BE9F8-06B7-4214-BCD1-B9CD9F5B44A0}.Release|Any CPU.ActiveCfg = Release|Any CPU
		{E23BE9F8-06B7-4214-BCD1-B9CD9F5B44A0}.Release|Any CPU.Build.0 = Release|Any CPU
		{031E0447-383E-4ACA-BCF3-D086069822A5}.Debug|Any CPU.ActiveCfg = Debug|Any CPU
		{031E0447-383E-4ACA-BCF3-D086069822A5}.Debug|Any CPU.Build.0 = Debug|Any CPU
		{031E0447-383E-4ACA-BCF3-D086069822A5}.Release|Any CPU.ActiveCfg = Release|Any CPU
		{031E0447-383E-4ACA-BCF3-D086069822A5}.Release|Any CPU.Build.0 = Release|Any CPU
		{F06F9F2B-9018-4357-9ECB-EAF3D9EC335C}.Debug|Any CPU.ActiveCfg = Debug|Any CPU
		{F06F9F2B-9018-4357-9ECB-EAF3D9EC335C}.Debug|Any CPU.Build.0 = Debug|Any CPU
		{F06F9F2B-9018-4357-9ECB-EAF3D9EC335C}.Release|Any CPU.ActiveCfg = Release|Any CPU
		{F06F9F2B-9018-4357-9ECB-EAF3D9EC335C}.Release|Any CPU.Build.0 = Release|Any CPU
		{4C4F07CE-4C88-44C6-864F-C5E563712EE2}.Debug|Any CPU.ActiveCfg = Debug|Any CPU
		{4C4F07CE-4C88-44C6-864F-C5E563712EE2}.Debug|Any CPU.Build.0 = Debug|Any CPU
		{4C4F07CE-4C88-44C6-864F-C5E563712EE2}.Release|Any CPU.ActiveCfg = Release|Any CPU
		{4C4F07CE-4C88-44C6-864F-C5E563712EE2}.Release|Any CPU.Build.0 = Release|Any CPU
		{3AAC19A6-02E8-45D0-BDD0-CAD0FBE15F64}.Debug|Any CPU.ActiveCfg = Debug|Any CPU
		{3AAC19A6-02E8-45D0-BDD0-CAD0FBE15F64}.Debug|Any CPU.Build.0 = Debug|Any CPU
		{3AAC19A6-02E8-45D0-BDD0-CAD0FBE15F64}.Release|Any CPU.ActiveCfg = Release|Any CPU
		{3AAC19A6-02E8-45D0-BDD0-CAD0FBE15F64}.Release|Any CPU.Build.0 = Release|Any CPU
	EndGlobalSection
	GlobalSection(SolutionProperties) = preSolution
		HideSolutionNode = FALSE
	EndGlobalSection
	GlobalSection(NestedProjects) = preSolution
		{8A351CC0-70C0-4412-B45E-358606251512} = {11C7056E-93C1-408B-BD87-5270595BBE0E}
		{5F8EC972-781D-4A82-A73F-36A97281B0D5} = {11C7056E-93C1-408B-BD87-5270595BBE0E}
		{117D67B6-124E-4490-A506-C94C567A6926} = {11C7056E-93C1-408B-BD87-5270595BBE0E}
		{07ABC671-D1C3-455D-B5E9-B28EA3492877} = {C3A0C716-BDEA-4393-B223-AF8F8531522A}
		{D5521AB2-24FB-4CEE-83B4-B833BD876152} = {C3A0C716-BDEA-4393-B223-AF8F8531522A}
		{C37650B4-5FF3-49C8-9050-80E59E2DB08F} = {C3A0C716-BDEA-4393-B223-AF8F8531522A}
		{EE9A94DE-02BD-45F9-84A4-56699679D93A} = {C3A0C716-BDEA-4393-B223-AF8F8531522A}
		{E23BE9F8-06B7-4214-BCD1-B9CD9F5B44A0} = {C3A0C716-BDEA-4393-B223-AF8F8531522A}
		{031E0447-383E-4ACA-BCF3-D086069822A5} = {BD466B5C-D8B0-4069-98A9-6DC8F01FA757}
		{F06F9F2B-9018-4357-9ECB-EAF3D9EC335C} = {11C7056E-93C1-408B-BD87-5270595BBE0E}
		{4C4F07CE-4C88-44C6-864F-C5E563712EE2} = {11C7056E-93C1-408B-BD87-5270595BBE0E}
		{3AAC19A6-02E8-45D0-BDD0-CAD0FBE15F64} = {11C7056E-93C1-408B-BD87-5270595BBE0E}
		{D0172E70-D5BC-4EDE-84E4-9ADB67B5F8FB} = {BD466B5C-D8B0-4069-98A9-6DC8F01FA757}
	EndGlobalSection
	GlobalSection(ExtensibilityGlobals) = postSolution
		SolutionGuid = {5A4B2863-1763-4496-B122-651A38A4F5D7}
	EndGlobalSection
EndGlobal
