
Microsoft Visual Studio Solution File, Format Version 12.00
# Visual Studio Version 16
VisualStudioVersion = 16.0.30406.217
MinimumVisualStudioVersion = 10.0.40219.1
Project("{9A19103F-16F7-4668-BE54-9A1E7A4F7556}") = "WebAppWithSolutionParentLevel", "WebAppWithSolutionParentLevel\WebAppWithSolutionParentLevel.csproj", "{5322E4ED-D549-40A4-9AAF-F98F6783C644}"
EndProject
Global
	GlobalSection(SolutionConfigurationPlatforms) = preSolution
		Debug|Any CPU = Debug|Any CPU
		Release|Any CPU = Release|Any CPU
	EndGlobalSection
	GlobalSection(ProjectConfigurationPlatforms) = postSolution
		{5322E4ED-D549-40A4-9AAF-F98F6783C644}.Debug|Any CPU.ActiveCfg = Debug|Any CPU
		{5322E4ED-D549-40A4-9AAF-F98F6783C644}.Debug|Any CPU.Build.0 = Debug|Any CPU
		{5322E4ED-D549-40A4-9AAF-F98F6783C644}.Release|Any CPU.ActiveCfg = Release|Any CPU
		{5322E4ED-D549-40A4-9AAF-F98F6783C644}.Release|Any CPU.Build.0 = Release|Any CPU
	EndGlobalSection
	GlobalSection(SolutionProperties) = preSolution
		HideSolutionNode = FALSE
	EndGlobalSection
	GlobalSection(ExtensibilityGlobals) = postSolution
		SolutionGuid = {A0A33D8C-E3EE-4396-AABB-623A81733917}
	EndGlobalSection
EndGlobal
