
Microsoft Visual Studio Solution File, Format Version 12.00
# Visual Studio Version 17
VisualStudioVersion = 17.4.33205.214
MinimumVisualStudioVersion = 10.0.40219.1
Project("{9A19103F-16F7-4668-BE54-9A1E7A4F7556}") = "AWS.Deploy.Tools.CI", "AWS.Deploy.Tools.CI\AWS.Deploy.Tools.CI.csproj", "{81F4E63D-681F-4796-8CDC-809CA16303A7}"
EndProject
Global
	GlobalSection(SolutionConfigurationPlatforms) = preSolution
		Debug|Any CPU = Debug|Any CPU
		Release|Any CPU = Release|Any CPU
	EndGlobalSection
	GlobalSection(ProjectConfigurationPlatforms) = postSolution
		{81F4E63D-681F-4796-8CDC-809CA16303A7}.Debug|Any CPU.ActiveCfg = Debug|Any CPU
		{81F4E63D-681F-4796-8CDC-809CA16303A7}.Debug|Any CPU.Build.0 = Debug|Any CPU
		{81F4E63D-681F-4796-8CDC-809CA16303A7}.Release|Any CPU.ActiveCfg = Release|Any CPU
		{81F4E63D-681F-4796-8CDC-809CA16303A7}.Release|Any CPU.Build.0 = Release|Any CPU
	EndGlobalSection
	GlobalSection(SolutionProperties) = preSolution
		HideSolutionNode = FALSE
	EndGlobalSection
	GlobalSection(ExtensibilityGlobals) = postSolution
		SolutionGuid = {4B5BB5B3-122F-48AE-BE94-24B95898AC99}
	EndGlobalSection
EndGlobal
